
Microsoft Visual Studio Solution File, Format Version 11.00
# Visual Studio 2010
Project("{FAE04EC0-301F-11D3-BF4B-00C04F79EFBC}") = "NDTV.SlateApp", "NDTV.SlateApp.csproj", "{85E7B386-8568-4C3D-BE4D-6E17693BE583}"
EndProject
Global
	GlobalSection(SolutionConfigurationPlatforms) = preSolution
		Debug|x86 = Debug|x86
		Release|x86 = Release|x86
	EndGlobalSection
	GlobalSection(ProjectConfigurationPlatforms) = postSolution
		{85E7B386-8568-4C3D-BE4D-6E17693BE583}.Debug|x86.ActiveCfg = Debug|x86
		{85E7B386-8568-4C3D-BE4D-6E17693BE583}.Debug|x86.Build.0 = Debug|x86
		{85E7B386-8568-4C3D-BE4D-6E17693BE583}.Release|x86.ActiveCfg = Release|x86
		{85E7B386-8568-4C3D-BE4D-6E17693BE583}.Release|x86.Build.0 = Release|x86
	EndGlobalSection
	GlobalSection(SolutionProperties) = preSolution
		HideSolutionNode = FALSE
	EndGlobalSection
EndGlobal
